// !$*UTF8*$!
{
	archiveVersion = 1;
	classes = {
	};
	objectVersion = 77;
	objects = {

/* Begin PBXBuildFile section */
		A20000000000000000000001 /* Sparkle in Frameworks */ = {isa = PBXBuildFile; productRef = A20000000000000000000003 /* Sparkle */; };
/* End PBXBuildFile section */

/* Begin PBXContainerItemProxy section */
		2CB32B323039A34600D18FC4 /* PBXContainerItemProxy */ = {
			isa = PBXContainerItemProxy;
			containerPortal = 2CB32B1C3039A34500D18FC4 /* Project object */;
			proxyType = 1;
			remoteGlobalIDString = 2CB32B233039A34500D18FC4;
			remoteInfo = Pawxy;
		};
		2CB32B3C3039A34600D18FC4 /* PBXContainerItemProxy */ = {
			isa = PBXContainerItemProxy;
			containerPortal = 2CB32B1C3039A34500D18FC4 /* Project object */;
			proxyType = 1;
			remoteGlobalIDString = 2CB32B233039A34500D18FC4;
			remoteInfo = Pawxy;
		};
/* End PBXContainerItemProxy section */

/* Begin PBXFileReference section */
		2CB32B243039A34500D18FC4 /* Pawxy.app */ = {isa = PBXFileReference; explicitFileType = wrapper.application; includeInIndex = 0; path = Pawxy.app; sourceTree = BUILT_PRODUCTS_DIR; };
		2CB32B313039A34600D18FC4 /* PawxyTests.xctest */ = {isa = PBXFileReference; explicitFileType = wrapper.cfbundle; includeInIndex = 0; path = PawxyTests.xctest; sourceTree = BUILT_PRODUCTS_DIR; };
		2CB32B3B3039A34600D18FC4 /* PawxyUITests.xctest */ = {isa = PBXFileReference; explicitFileType = wrapper.cfbundle; includeInIndex = 0; path = PawxyUITests.xctest; sourceTree = BUILT_PRODUCTS_DIR; };
/* End PBXFileReference section */

/* Begin PBXFileSystemSynchronizedRootGroup section */
		2CB32B263039A34500D18FC4 /* Pawxy */ = {
			isa = PBXFileSystemSynchronizedRootGroup;
			path = Pawxy;
			sourceTree = "<group>";
		};
		2CB32B343039A34600D18FC4 /* PawxyTests */ = {
			isa = PBXFileSystemSynchronizedRootGroup;
			path = PawxyTests;
			sourceTree = "<group>";
		};
		2CB32B3E3039A34600D18FC4 /* PawxyUITests */ = {
			isa = PBXFileSystemSynchronizedRootGroup;
			path = PawxyUITests;
			sourceTree = "<group>";
		};
/* End PBXFileSystemSynchronizedRootGroup section */

/* Begin PBXFrameworksBuildPhase section */
		2CB32B213039A34500D18FC4 /* Frameworks */ = {
			isa = PBXFrameworksBuildPhase;
			buildActionMask = 2147483647;
			files = (
				A20000000000000000000001 /* Sparkle in Frameworks */,
			);
			runOnlyForDeploymentPostprocessing = 0;
		};
		2CB32B2E3039A34600D18FC4 /* Frameworks */ = {
			isa = PBXFrameworksBuildPhase;
			buildActionMask = 2147483647;
			files = (
			);
			runOnlyForDeploymentPostprocessing = 0;
		};
		2CB32B383039A34600D18FC4 /* Frameworks */ = {
			isa = PBXFrameworksBuildPhase;
			buildActionMask = 2147483647;
			files = (
			);
			runOnlyForDeploymentPostprocessing = 0;
		};
/* End PBXFrameworksBuildPhase section */

/* Begin PBXGroup section */
		2CB32B1B3039A34400D18FC4 = {
			isa = PBXGroup;
			children = (
				2CB32B263039A34500D18FC4 /* Pawxy */,
				2CB32B343039A34600D18FC4 /* PawxyTests */,
				2CB32B3E3039A34600D18FC4 /* PawxyUITests */,
				2CB32B253039A34500D18FC4 /* Products */,
			);
			sourceTree = "<group>";
		};
		2CB32B253039A34500D18FC4 /* Products */ = {
			isa = PBXGroup;
			children = (
				2CB32B243039A34500D18FC4 /* Pawxy.app */,
				2CB32B313039A34600D18FC4 /* PawxyTests.xctest */,
				2CB32B3B3039A34600D18FC4 /* PawxyUITests.xctest */,
			);
			name = Products;
			sourceTree = "<group>";
		};
/* End PBXGroup section */

/* Begin PBXNativeTarget section */
		2CB32B233039A34500D18FC4 /* Pawxy */ = {
			isa = PBXNativeTarget;
			buildConfigurationList = 2CB32B453039A34600D18FC4 /* Build configuration list for PBXNativeTarget "Pawxy" */;
			buildPhases = (
				2CB32B203039A34500D18FC4 /* Sources */,
				2CB32B213039A34500D18FC4 /* Frameworks */,
				2CB32B223039A34500D18FC4 /* Resources */,
			);
			buildRules = (
			);
			dependencies = (
			);
			fileSystemSynchronizedGroups = (
				2CB32B263039A34500D18FC4 /* Pawxy */,
			);
			name = Pawxy;
			packageProductDependencies = (
				A20000000000000000000003 /* Sparkle */,
			);
			productName = Pawxy;
			productReference = 2CB32B243039A34500D18FC4 /* Pawxy.app */;
			productType = "com.apple.product-type.application";
		};
		2CB32B303039A34600D18FC4 /* PawxyTests */ = {
			isa = PBXNativeTarget;
			buildConfigurationList = 2CB32B483039A34600D18FC4 /* Build configuration list for PBXNativeTarget "PawxyTests" */;
			buildPhases = (
				2CB32B2D3039A34600D18FC4 /* Sources */,
				2CB32B2E3039A34600D18FC4 /* Frameworks */,
				2CB32B2F3039A34600D18FC4 /* Resources */,
			);
			buildRules = (
			);
			dependencies = (
				2CB32B333039A34600D18FC4 /* PBXTargetDependency */,
			);
			fileSystemSynchronizedGroups = (
				2CB32B343039A34600D18FC4 /* PawxyTests */,
			);
			name = PawxyTests;
			packageProductDependencies = (
			);
			productName = PawxyTests;
			productReference = 2CB32B313039A34600D18FC4 /* PawxyTests.xctest */;
			productType = "com.apple.product-type.bundle.unit-test";
		};
		2CB32B3A3039A34600D18FC4 /* PawxyUITests */ = {
			isa = PBXNativeTarget;
			buildConfigurationList = 2CB32B4B3039A34600D18FC4 /* Build configuration list for PBXNativeTarget "PawxyUITests" */;
			buildPhases = (
				2CB32B373039A34600D18FC4 /* Sources */,
				2CB32B383039A34600D18FC4 /* Frameworks */,
				2CB32B393039A34600D18FC4 /* Resources */,
			);
			buildRules = (
			);
			dependencies = (
				2CB32B3D3039A34600D18FC4 /* PBXTargetDependency */,
			);
			fileSystemSynchronizedGroups = (
				2CB32B3E3039A34600D18FC4 /* PawxyUITests */,
			);
			name = PawxyUITests;
			packageProductDependencies = (
			);
			productName = PawxyUITests;
			productReference = 2CB32B3B3039A34600D18FC4 /* PawxyUITests.xctest */;
			productType = "com.apple.product-type.bundle.ui-testing";
		};
/* End PBXNativeTarget section */

/* Begin PBXProject section */
		2CB32B1C3039A34500D18FC4 /* Project object */ = {
			isa = PBXProject;
			attributes = {
				BuildIndependentTargetsInParallel = 1;
				LastSwiftUpdateCheck = 2660;
				LastUpgradeCheck = 2660;
				TargetAttributes = {
					2CB32B233039A34500D18FC4 = {
						CreatedOnToolsVersion = 26.6;
					};
					2CB32B303039A34600D18FC4 = {
						CreatedOnToolsVersion = 26.6;
						TestTargetID = 2CB32B233039A34500D18FC4;
					};
					2CB32B3A3039A34600D18FC4 = {
						CreatedOnToolsVersion = 26.6;
						TestTargetID = 2CB32B233039A34500D18FC4;
					};
				};
			};
			buildConfigurationList = 2CB32B1F3039A34500D18FC4 /* Build configuration list for PBXProject "Pawxy" */;
			developmentRegion = en;
			hasScannedForEncodings = 0;
			knownRegions = (
				en,
				it,
				Base,
			);
			mainGroup = 2CB32B1B3039A34400D18FC4;
			minimizedProjectReferenceProxies = 1;
			packageReferences = (
				A20000000000000000000002 /* XCRemoteSwiftPackageReference "Sparkle" */,
			);
			preferredProjectObjectVersion = 77;
			productRefGroup = 2CB32B253039A34500D18FC4 /* Products */;
			projectDirPath = "";
			projectRoot = "";
			targets = (
				2CB32B233039A34500D18FC4 /* Pawxy */,
				2CB32B303039A34600D18FC4 /* PawxyTests */,
				2CB32B3A3039A34600D18FC4 /* PawxyUITests */,
			);
		};
/* End PBXProject section */

/* Begin PBXResourcesBuildPhase section */
		2CB32B223039A34500D18FC4 /* Resources */ = {
			isa = PBXResourcesBuildPhase;
			buildActionMask = 2147483647;
			files = (
			);
			runOnlyForDeploymentPostprocessing = 0;
		};
		2CB32B2F3039A34600D18FC4 /* Resources */ = {
			isa = PBXResourcesBuildPhase;
			buildActionMask = 2147483647;
			files = (
			);
			runOnlyForDeploymentPostprocessing = 0;
		};
		2CB32B393039A34600D18FC4 /* Resources */ = {
			isa = PBXResourcesBuildPhase;
			buildActionMask = 2147483647;
			files = (
			);
			runOnlyForDeploymentPostprocessing = 0;
		};
/* End PBXResourcesBuildPhase section */

/* Begin PBXSourcesBuildPhase section */
		2CB32B203039A34500D18FC4 /* Sources */ = {
			isa = PBXSourcesBuildPhase;
			buildActionMask = 2147483647;
			files = (
			);
			runOnlyForDeploymentPostprocessing = 0;
		};
		2CB32B2D3039A34600D18FC4 /* Sources */ = {
			isa = PBXSourcesBuildPhase;
			buildActionMask = 2147483647;
			files = (
			);
			runOnlyForDeploymentPostprocessing = 0;
		};
		2CB32B373039A34600D18FC4 /* Sources */ = {
			isa = PBXSourcesBuildPhase;
			buildActionMask = 2147483647;
			files = (
			);
			runOnlyForDeploymentPostprocessing = 0;
		};
/* End PBXSourcesBuildPhase section */

/* Begin PBXTargetDependency section */
		2CB32B333039A34600D18FC4 /* PBXTargetDependency */ = {
			isa = PBXTargetDependency;
			target = 2CB32B233039A34500D18FC4 /* Pawxy */;
			targetProxy = 2CB32B323039A34600D18FC4 /* PBXContainerItemProxy */;
		};
		2CB32B3D3039A34600D18FC4 /* PBXTargetDependency */ = {
			isa = PBXTargetDependency;
			target = 2CB32B233039A34500D18FC4 /* Pawxy */;
			targetProxy = 2CB32B3C3039A34600D18FC4 /* PBXContainerItemProxy */;
		};
/* End PBXTargetDependency section */

/* Begin XCBuildConfiguration section */
		2CB32B433039A34600D18FC4 /* Debug */ = {
			isa = XCBuildConfiguration;
			buildSettings = {
				ALWAYS_SEARCH_USER_PATHS = NO;
				ASSETCATALOG_COMPILER_GENERATE_SWIFT_ASSET_SYMBOL_EXTENSIONS = YES;
				CLANG_ANALYZER_NONNULL = YES;
				CLANG_ANALYZER_NUMBER_OBJECT_CONVERSION = YES_AGGRESSIVE;
				CLANG_CXX_LANGUAGE_STANDARD = "gnu++20";
				CLANG_ENABLE_MODULES = YES;
				CLANG_ENABLE_OBJC_ARC = YES;
				CLANG_ENABLE_OBJC_WEAK = YES;
				CLANG_WARN_BLOCK_CAPTURE_AUTORELEASING = YES;
				CLANG_WARN_BOOL_CONVERSION = YES;
				CLANG_WARN_COMMA = YES;
				CLANG_WARN_CONSTANT_CONVERSION = YES;
				CLANG_WARN_DEPRECATED_OBJC_IMPLEMENTATIONS = YES;
				CLANG_WARN_DIRECT_OBJC_ISA_USAGE = YES_ERROR;
				CLANG_WARN_DOCUMENTATION_COMMENTS = YES;
				CLANG_WARN_EMPTY_BODY = YES;
				CLANG_WARN_ENUM_CONVERSION = YES;
				CLANG_WARN_INFINITE_RECURSION = YES;
				CLANG_WARN_INT_CONVERSION = YES;
				CLANG_WARN_NON_LITERAL_NULL_CONVERSION = YES;
				CLANG_WARN_OBJC_IMPLICIT_RETAIN_SELF = YES;
				CLANG_WARN_OBJC_LITERAL_CONVERSION = YES;
				CLANG_WARN_OBJC_ROOT_CLASS = YES_ERROR;
				CLANG_WARN_QUOTED_INCLUDE_IN_FRAMEWORK_HEADER = YES;
				CLANG_WARN_RANGE_LOOP_ANALYSIS = YES;
				CLANG_WARN_STRICT_PROTOTYPES = YES;
				CLANG_WARN_SUSPICIOUS_MOVE = YES;
				CLANG_WARN_UNGUARDED_AVAILABILITY = YES_AGGRESSIVE;
				CLANG_WARN_UNREACHABLE_CODE = YES;
				CLANG_WARN__DUPLICATE_METHOD_MATCH = YES;
				COPY_PHASE_STRIP = NO;
				DEBUG_INFORMATION_FORMAT = dwarf;
				ENABLE_STRICT_OBJC_MSGSEND = YES;
				ENABLE_TESTABILITY = YES;
				ENABLE_USER_SCRIPT_SANDBOXING = YES;
				GCC_C_LANGUAGE_STANDARD = gnu17;
				GCC_DYNAMIC_NO_PIC = NO;
				GCC_NO_COMMON_BLOCKS = YES;
				GCC_OPTIMIZATION_LEVEL = 0;
				GCC_PREPROCESSOR_DEFINITIONS = (
					"DEBUG=1",
					"$(inherited)",
				);
				GCC_WARN_64_TO_32_BIT_CONVERSION = YES;
				GCC_WARN_ABOUT_RETURN_TYPE = YES_ERROR;
				GCC_WARN_UNDECLARED_SELECTOR = YES;
				GCC_WARN_UNINITIALIZED_AUTOS = YES_AGGRESSIVE;
				GCC_WARN_UNUSED_FUNCTION = YES;
				GCC_WARN_UNUSED_VARIABLE = YES;
				LOCALIZATION_PREFERS_STRING_CATALOGS = YES;
				MACOSX_DEPLOYMENT_TARGET = 26.5;
				MTL_ENABLE_DEBUG_INFO = INCLUDE_SOURCE;
				MTL_FAST_MATH = YES;
				SDKROOT = macosx;
				SWIFT_ACTIVE_COMPILATION_CONDITIONS = "DEBUG $(inherited)";
				SWIFT_OPTIMIZATION_LEVEL = "-Onone";
			};
			name = Debug;
		};
		2CB32B443039A34600D18FC4 /* Release */ = {
			isa = XCBuildConfiguration;
			buildSettings = {
				ALWAYS_SEARCH_USER_PATHS = NO;
				ASSETCATALOG_COMPILER_GENERATE_SWIFT_ASSET_SYMBOL_EXTENSIONS = YES;
				CLANG_ANALYZER_NONNULL = YES;
				CLANG_ANALYZER_NUMBER_OBJECT_CONVERSION = YES_AGGRESSIVE;
				CLANG_CXX_LANGUAGE_STANDARD = "gnu++20";
				CLANG_ENABLE_MODULES = YES;
				CLANG_ENABLE_OBJC_ARC = YES;
				CLANG_ENABLE_OBJC_WEAK = YES;
				CLANG_WARN_BLOCK_CAPTURE_AUTORELEASING = YES;
				CLANG_WARN_BOOL_CONVERSION = YES;
				CLANG_WARN_COMMA = YES;
				CLANG_WARN_CONSTANT_CONVERSION = YES;
				CLANG_WARN_DEPRECATED_OBJC_IMPLEMENTATIONS = YES;
				CLANG_WARN_DIRECT_OBJC_ISA_USAGE = YES_ERROR;
				CLANG_WARN_DOCUMENTATION_COMMENTS = YES;
				CLANG_WARN_EMPTY_BODY = YES;
				CLANG_WARN_ENUM_CONVERSION = YES;
				CLANG_WARN_INFINITE_RECURSION = YES;
				CLANG_WARN_INT_CONVERSION = YES;
				CLANG_WARN_NON_LITERAL_NULL_CONVERSION = YES;
				CLANG_WARN_OBJC_IMPLICIT_RETAIN_SELF = YES;
				CLANG_WARN_OBJC_LITERAL_CONVERSION = YES;
				CLANG_WARN_OBJC_ROOT_CLASS = YES_ERROR;
				CLANG_WARN_QUOTED_INCLUDE_IN_FRAMEWORK_HEADER = YES;
				CLANG_WARN_RANGE_LOOP_ANALYSIS = YES;
				CLANG_WARN_STRICT_PROTOTYPES = YES;
				CLANG_WARN_SUSPICIOUS_MOVE = YES;
				CLANG_WARN_UNGUARDED_AVAILABILITY = YES_AGGRESSIVE;
				CLANG_WARN_UNREACHABLE_CODE = YES;
				CLANG_WARN__DUPLICATE_METHOD_MATCH = YES;
				COPY_PHASE_STRIP = NO;
				DEBUG_INFORMATION_FORMAT = "dwarf-with-dsym";
				ENABLE_NS_ASSERTIONS = NO;
				ENABLE_STRICT_OBJC_MSGSEND = YES;
				ENABLE_USER_SCRIPT_SANDBOXING = YES;
				GCC_C_LANGUAGE_STANDARD = gnu17;
				GCC_NO_COMMON_BLOCKS = YES;
				GCC_WARN_64_TO_32_BIT_CONVERSION = YES;
				GCC_WARN_ABOUT_RETURN_TYPE = YES_ERROR;
				GCC_WARN_UNDECLARED_SELECTOR = YES;
				GCC_WARN_UNINITIALIZED_AUTOS = YES_AGGRESSIVE;
				GCC_WARN_UNUSED_FUNCTION = YES;
				GCC_WARN_UNUSED_VARIABLE = YES;
				LOCALIZATION_PREFERS_STRING_CATALOGS = YES;
				MACOSX_DEPLOYMENT_TARGET = 26.5;
				MTL_ENABLE_DEBUG_INFO = NO;
				MTL_FAST_MATH = YES;
				ONLY_ACTIVE_ARCH = YES;
				SDKROOT = macosx;
				SWIFT_COMPILATION_MODE = wholemodule;
			};
			name = Release;
		};
		2CB32B463039A34600D18FC4 /* Debug */ = {
			isa = XCBuildConfiguration;
			buildSettings = {
				ASSETCATALOG_COMPILER_APPICON_NAME = AppIcon;
				ASSETCATALOG_COMPILER_GLOBAL_ACCENT_COLOR_NAME = AccentColor;
				"CODE_SIGN_IDENTITY[sdk=macosx*]" = "Apple Development";
				CODE_SIGN_STYLE = Automatic;
				COMBINE_HIDPI_IMAGES = YES;
				CURRENT_PROJECT_VERSION = 6;
				DEVELOPMENT_TEAM = TMXBVY5AMJ;
				ENABLE_APP_SANDBOX = NO;
				ENABLE_PREVIEWS = YES;
				GENERATE_INFOPLIST_FILE = NO;
				INFOPLIST_FILE = PawxyInfo.plist;
				INFOPLIST_KEY_NSHumanReadableCopyright = "© 2026 Dreamcorp. All rights reserved.";
				LD_RUNPATH_SEARCH_PATHS = (
					"$(inherited)",
					"@executable_path/../Frameworks",
				);
				MARKETING_VERSION = 1.3.1;
				PAWXY_GITHUB_REPOSITORY = dreamwhite/Pawxy;
				PRODUCT_BUNDLE_IDENTIFIER = com.dreamcorp.Pawxy;
				PRODUCT_NAME = "$(TARGET_NAME)";
				REGISTER_APP_GROUPS = YES;
				SPARKLE_FEED_URL = "https://github.com/$(PAWXY_GITHUB_REPOSITORY)/releases/latest/download/appcast.xml";
				STRING_CATALOG_GENERATE_SYMBOLS = YES;
				SWIFT_APPROACHABLE_CONCURRENCY = YES;
				SWIFT_DEFAULT_ACTOR_ISOLATION = MainActor;
				SWIFT_EMIT_LOC_STRINGS = YES;
				SWIFT_UPCOMING_FEATURE_MEMBER_IMPORT_VISIBILITY = YES;
				SWIFT_VERSION = 5.0;
			};
			name = Debug;
		};
		2CB32B473039A34600D18FC4 /* Release */ = {
			isa = XCBuildConfiguration;
			buildSettings = {
				ASSETCATALOG_COMPILER_APPICON_NAME = AppIcon;
				ASSETCATALOG_COMPILER_GLOBAL_ACCENT_COLOR_NAME = AccentColor;
				"CODE_SIGN_IDENTITY[sdk=macosx*]" = "Apple Development";
				CODE_SIGN_STYLE = Automatic;
				COMBINE_HIDPI_IMAGES = YES;
				CURRENT_PROJECT_VERSION = 6;
				DEVELOPMENT_TEAM = TMXBVY5AMJ;
				ENABLE_APP_SANDBOX = NO;
				ENABLE_PREVIEWS = YES;
				GENERATE_INFOPLIST_FILE = NO;
				INFOPLIST_FILE = PawxyInfo.plist;
				INFOPLIST_KEY_NSHumanReadableCopyright = "© 2026 Dreamcorp. All rights reserved.";
				LD_RUNPATH_SEARCH_PATHS = (
					"$(inherited)",
					"@executable_path/../Frameworks",
				);
				MARKETING_VERSION = 1.3.1;
				PAWXY_GITHUB_REPOSITORY = dreamwhite/Pawxy;
				PRODUCT_BUNDLE_IDENTIFIER = com.dreamcorp.Pawxy;
				PRODUCT_NAME = "$(TARGET_NAME)";
				REGISTER_APP_GROUPS = YES;
				SPARKLE_FEED_URL = "https://github.com/$(PAWXY_GITHUB_REPOSITORY)/releases/latest/download/appcast.xml";
				STRING_CATALOG_GENERATE_SYMBOLS = YES;
				SWIFT_APPROACHABLE_CONCURRENCY = YES;
				SWIFT_DEFAULT_ACTOR_ISOLATION = MainActor;
				SWIFT_EMIT_LOC_STRINGS = YES;
				SWIFT_UPCOMING_FEATURE_MEMBER_IMPORT_VISIBILITY = YES;
				SWIFT_VERSION = 5.0;
			};
			name = Release;
		};
		2CB32B493039A34600D18FC4 /* Debug */ = {
			isa = XCBuildConfiguration;
			buildSettings = {
				BUNDLE_LOADER = "$(TEST_HOST)";
				"CODE_SIGN_IDENTITY[sdk=macosx*]" = "Apple Development";
				CODE_SIGN_STYLE = Automatic;
				CURRENT_PROJECT_VERSION = 6;
				DEVELOPMENT_TEAM = TMXBVY5AMJ;
				GENERATE_INFOPLIST_FILE = YES;
				MACOSX_DEPLOYMENT_TARGET = 26.5;
				MARKETING_VERSION = 1.3.1;
				PRODUCT_BUNDLE_IDENTIFIER = com.dreamcorp.PawxyTests;
				PRODUCT_NAME = "$(TARGET_NAME)";
				STRING_CATALOG_GENERATE_SYMBOLS = NO;
				SWIFT_APPROACHABLE_CONCURRENCY = YES;
				SWIFT_EMIT_LOC_STRINGS = NO;
				SWIFT_UPCOMING_FEATURE_MEMBER_IMPORT_VISIBILITY = YES;
				SWIFT_VERSION = 5.0;
				TEST_HOST = "$(BUILT_PRODUCTS_DIR)/Pawxy.app/$(BUNDLE_EXECUTABLE_FOLDER_PATH)/Pawxy";
			};
			name = Debug;
		};
		2CB32B4A3039A34600D18FC4 /* Release */ = {
			isa = XCBuildConfiguration;
			buildSettings = {
				BUNDLE_LOADER = "$(TEST_HOST)";
				"CODE_SIGN_IDENTITY[sdk=macosx*]" = "Apple Development";
				CODE_SIGN_STYLE = Automatic;
				CURRENT_PROJECT_VERSION = 6;
				DEVELOPMENT_TEAM = TMXBVY5AMJ;
				GENERATE_INFOPLIST_FILE = YES;
				MACOSX_DEPLOYMENT_TARGET = 26.5;
				MARKETING_VERSION = 1.3.1;
				PRODUCT_BUNDLE_IDENTIFIER = com.dreamcorp.PawxyTests;
				PRODUCT_NAME = "$(TARGET_NAME)";
				STRING_CATALOG_GENERATE_SYMBOLS = NO;
				SWIFT_APPROACHABLE_CONCURRENCY = YES;
				SWIFT_EMIT_LOC_STRINGS = NO;
				SWIFT_UPCOMING_FEATURE_MEMBER_IMPORT_VISIBILITY = YES;
				SWIFT_VERSION = 5.0;
				TEST_HOST = "$(BUILT_PRODUCTS_DIR)/Pawxy.app/$(BUNDLE_EXECUTABLE_FOLDER_PATH)/Pawxy";
			};
			name = Release;
		};
		2CB32B4C3039A34600D18FC4 /* Debug */ = {
			isa = XCBuildConfiguration;
			buildSettings = {
				CODE_SIGN_STYLE = Automatic;
				CURRENT_PROJECT_VERSION = 6;
				DEVELOPMENT_TEAM = TMXBVY5AMJ;
				GENERATE_INFOPLIST_FILE = YES;
				MARKETING_VERSION = 1.3.1;
				PRODUCT_BUNDLE_IDENTIFIER = com.dreamcorp.PawxyUITests;
				PRODUCT_NAME = "$(TARGET_NAME)";
				STRING_CATALOG_GENERATE_SYMBOLS = NO;
				SWIFT_APPROACHABLE_CONCURRENCY = YES;
				SWIFT_EMIT_LOC_STRINGS = NO;
				SWIFT_UPCOMING_FEATURE_MEMBER_IMPORT_VISIBILITY = YES;
				SWIFT_VERSION = 5.0;
				TEST_TARGET_NAME = Pawxy;
			};
			name = Debug;
		};
		2CB32B4D3039A34600D18FC4 /* Release */ = {
			isa = XCBuildConfiguration;
			buildSettings = {
				CODE_SIGN_STYLE = Automatic;
				CURRENT_PROJECT_VERSION = 6;
				DEVELOPMENT_TEAM = TMXBVY5AMJ;
				GENERATE_INFOPLIST_FILE = YES;
				MARKETING_VERSION = 1.3.1;
				PRODUCT_BUNDLE_IDENTIFIER = com.dreamcorp.PawxyUITests;
				PRODUCT_NAME = "$(TARGET_NAME)";
				STRING_CATALOG_GENERATE_SYMBOLS = NO;
				SWIFT_APPROACHABLE_CONCURRENCY = YES;
				SWIFT_EMIT_LOC_STRINGS = NO;
				SWIFT_UPCOMING_FEATURE_MEMBER_IMPORT_VISIBILITY = YES;
				SWIFT_VERSION = 5.0;
				TEST_TARGET_NAME = Pawxy;
			};
			name = Release;
		};
/* End XCBuildConfiguration section */

/* Begin XCConfigurationList section */
		2CB32B1F3039A34500D18FC4 /* Build configuration list for PBXProject "Pawxy" */ = {
			isa = XCConfigurationList;
			buildConfigurations = (
				2CB32B433039A34600D18FC4 /* Debug */,
				2CB32B443039A34600D18FC4 /* Release */,
			);
			defaultConfigurationIsVisible = 0;
			defaultConfigurationName = Release;
		};
		2CB32B453039A34600D18FC4 /* Build configuration list for PBXNativeTarget "Pawxy" */ = {
			isa = XCConfigurationList;
			buildConfigurations = (
				2CB32B463039A34600D18FC4 /* Debug */,
				2CB32B473039A34600D18FC4 /* Release */,
			);
			defaultConfigurationIsVisible = 0;
			defaultConfigurationName = Release;
		};
		2CB32B483039A34600D18FC4 /* Build configuration list for PBXNativeTarget "PawxyTests" */ = {
			isa = XCConfigurationList;
			buildConfigurations = (
				2CB32B493039A34600D18FC4 /* Debug */,
				2CB32B4A3039A34600D18FC4 /* Release */,
			);
			defaultConfigurationIsVisible = 0;
			defaultConfigurationName = Release;
		};
		2CB32B4B3039A34600D18FC4 /* Build configuration list for PBXNativeTarget "PawxyUITests" */ = {
			isa = XCConfigurationList;
			buildConfigurations = (
				2CB32B4C3039A34600D18FC4 /* Debug */,
				2CB32B4D3039A34600D18FC4 /* Release */,
			);
			defaultConfigurationIsVisible = 0;
			defaultConfigurationName = Release;
		};
/* End XCConfigurationList section */

/* Begin XCRemoteSwiftPackageReference section */
		A20000000000000000000002 /* XCRemoteSwiftPackageReference "Sparkle" */ = {
			isa = XCRemoteSwiftPackageReference;
			repositoryURL = "https://github.com/sparkle-project/Sparkle";
			requirement = {
				kind = upToNextMajorVersion;
				minimumVersion = 2.9.6;
			};
		};
/* End XCRemoteSwiftPackageReference section */

/* Begin XCSwiftPackageProductDependency section */
		A20000000000000000000003 /* Sparkle */ = {
			isa = XCSwiftPackageProductDependency;
			package = A20000000000000000000002 /* XCRemoteSwiftPackageReference "Sparkle" */;
			productName = Sparkle;
		};
/* End XCSwiftPackageProductDependency section */
	};
	rootObject = 2CB32B1C3039A34500D18FC4 /* Project object */;
}
